<Solution>
  <Folder Name="/src/">
    <Project Path="src/TollFeeCalculator.Api/TollFeeCalculator.Api.csproj" />
    <Project Path="src/TollFeeCalculator.Core/TollFeeCalculator.Core.csproj" />
  </Folder>
  <Folder Name="/tests/">
    <Project Path="tests/TollFeeCalculator.Tests/TollFeeCalculator.Tests.csproj" />
  </Folder>
</Solution>
